
Microsoft Visual Studio Solution File, Format Version 12.00
# Visual Studio Version 17
VisualStudioVersion = 17.2.32526.322
MinimumVisualStudioVersion = 10.0.40219.1
Project("{FAE04EC0-301F-11D3-BF4B-00C04F79EFBC}") = "PIT CALCULATION", "PIT CALCULATION\PIT CALCULATION.csproj", "{3316E1A4-E95B-49A5-BECA-1C41E4121E2F}"
EndProject
Global
	GlobalSection(SolutionConfigurationPlatforms) = preSolution
		Debug|Any CPU = Debug|Any CPU
		Release|Any CPU = Release|Any CPU
	EndGlobalSection
	GlobalSection(ProjectConfigurationPlatforms) = postSolution
		{3316E1A4-E95B-49A5-BECA-1C41E4121E2F}.Debug|Any CPU.ActiveCfg = Debug|Any CPU
		{3316E1A4-E95B-49A5-BECA-1C41E4121E2F}.Debug|Any CPU.Build.0 = Debug|Any CPU
		{3316E1A4-E95B-49A5-BECA-1C41E4121E2F}.Release|Any CPU.ActiveCfg = Release|Any CPU
		{3316E1A4-E95B-49A5-BECA-1C41E4121E2F}.Release|Any CPU.Build.0 = Release|Any CPU
	EndGlobalSection
	GlobalSection(SolutionProperties) = preSolution
		HideSolutionNode = FALSE
	EndGlobalSection
	GlobalSection(ExtensibilityGlobals) = postSolution
		SolutionGuid = {8BCFE674-BA8E-43B2-BCCA-817F4BFF62DA}
	EndGlobalSection
EndGlobal
